
Microsoft Visual Studio Solution File, Format Version 12.00
# Visual Studio 14
VisualStudioVersion = 14.0.23107.0
MinimumVisualStudioVersion = 10.0.40219.1
Project("{F184B08F-C81C-45F6-A57F-5ABD9991F28F}") = "RahyabMobileBanking", "RMBKA\RahyabMobileBanking.vbproj", "{479F013B-D77B-4294-BB25-D5F03086DAB1}"
EndProject
Project("{F184B08F-C81C-45F6-A57F-5ABD9991F28F}") = "RahyabSelfReport", "SelfReport\RahyabSelfReport.vbproj", "{9F59C150-852A-4C95-8B4D-BA07D8AC0C85}"
EndProject
Global
	GlobalSection(SolutionConfigurationPlatforms) = preSolution
		Debug|Any CPU = Debug|Any CPU
		Debug|x86 = Debug|x86
		Release|Any CPU = Release|Any CPU
		Release|x86 = Release|x86
	EndGlobalSection
	GlobalSection(ProjectConfigurationPlatforms) = postSolution
		{479F013B-D77B-4294-BB25-D5F03086DAB1}.Debug|Any CPU.ActiveCfg = Debug|x86
		{479F013B-D77B-4294-BB25-D5F03086DAB1}.Debug|x86.ActiveCfg = Debug|x86
		{479F013B-D77B-4294-BB25-D5F03086DAB1}.Debug|x86.Build.0 = Debug|x86
		{479F013B-D77B-4294-BB25-D5F03086DAB1}.Release|Any CPU.ActiveCfg = Release|x86
		{479F013B-D77B-4294-BB25-D5F03086DAB1}.Release|x86.ActiveCfg = Release|x86
		{479F013B-D77B-4294-BB25-D5F03086DAB1}.Release|x86.Build.0 = Release|x86
		{9F59C150-852A-4C95-8B4D-BA07D8AC0C85}.Debug|Any CPU.ActiveCfg = Debug|Any CPU
		{9F59C150-852A-4C95-8B4D-BA07D8AC0C85}.Debug|Any CPU.Build.0 = Debug|Any CPU
		{9F59C150-852A-4C95-8B4D-BA07D8AC0C85}.Debug|x86.ActiveCfg = Debug|Any CPU
		{9F59C150-852A-4C95-8B4D-BA07D8AC0C85}.Debug|x86.Build.0 = Debug|Any CPU
		{9F59C150-852A-4C95-8B4D-BA07D8AC0C85}.Release|Any CPU.ActiveCfg = Release|Any CPU
		{9F59C150-852A-4C95-8B4D-BA07D8AC0C85}.Release|Any CPU.Build.0 = Release|Any CPU
		{9F59C150-852A-4C95-8B4D-BA07D8AC0C85}.Release|x86.ActiveCfg = Release|Any CPU
		{9F59C150-852A-4C95-8B4D-BA07D8AC0C85}.Release|x86.Build.0 = Release|Any CPU
	EndGlobalSection
	GlobalSection(SolutionProperties) = preSolution
		HideSolutionNode = FALSE
	EndGlobalSection
EndGlobal
